{
  "lockFileVersion": 1,
  "moduleFileHash": "915c9ed7364d5e357bbbe80f7df0bca065bfa623a7fdcb107e500656ecc9fea6",
  "flags": {
    "cmdRegistries": [
      "https://bcr.bazel.build/"
    ],
    "cmdModuleOverrides": {},
    "allowedYankedVersions": [],
    "envVarAllowedYankedVersions": "",
    "ignoreDevDependency": false,
    "directDependenciesMode": "WARNING",
    "compatibilityMode": "ERROR"
  },
  "localOverrideHashes": {
    "bazel_tools": "11c49407fdc54b48d69dcd4478440118124b9cd51b2dca5947a6414a585964a1"
  },
  "moduleDepGraph": {
    "<root>": {
      "name": "hermetic_cc_toolchain",
      "version": "v2.1.0",
      "key": "<root>",
      "repoName": "hermetic_cc_toolchain",
      "executionPlatformsToRegister": [],
      "toolchainsToRegister": [],
      "extensionUsages": [
        {
          "extensionBzlFile": "@rules_go//go:extensions.bzl",
          "extensionName": "go_sdk",
          "usingModule": "<root>",
          "location": {
            "file": "@@//:MODULE.bazel",
            "line": 10,
            "column": 23
          },
          "imports": {
            "go_default_sdk": "go_default_sdk"
          },
          "devImports": [
            "go_default_sdk"
          ],
          "tags": [],
          "hasDevUseExtension": true,
          "hasNonDevUseExtension": false
        },
        {
          "extensionBzlFile": "@gazelle//:extensions.bzl",
          "extensionName": "go_deps",
          "usingModule": "<root>",
          "location": {
            "file": "@@//:MODULE.bazel",
            "line": 19,
            "column": 24
          },
          "imports": {
            "com_github_bazelbuild_buildtools": "com_github_bazelbuild_buildtools"
          },
          "devImports": [
            "com_github_bazelbuild_buildtools"
          ],
          "tags": [
            {
              "tagName": "from_file",
              "attributeValues": {"go_mod":"--//:go.mod"},
              "devDependency": true,
              "location": {
                "file": "@@//:MODULE.bazel",
                "line": 24,
                "column": 18
              }
            }
          ],
          "hasDevUseExtension": true,
          "hasNonDevUseExtension": false
        }
      ],
      "deps": {
        "bazel_tools": "bazel_tools@_",
        "local_config_platform": "local_config_platform@_",
        "platforms": "platforms@0.0.6",
        "rules_go": "rules_go@0.41.0",
        "gazelle": "gazelle@0.32.0"
      }
    },
    "bazel_tools@_": {
      "name": "bazel_tools",
      "version": "",
      "key": "bazel_tools@_",
      "repoName": "bazel_tools",
      "executionPlatformsToRegister": [],
      "toolchainsToRegister": [
        "@local_config_cc_toolchains//:all",
        "@local_config_sh//:local_sh_toolchain"
      ],
      "extensionUsages": [
        {
          "extensionBzlFile": "@bazel_tools//tools/cpp:cc_configure.bzl",
          "extensionName": "cc_configure_extension",
          "usingModule": "bazel_tools@_",
          "location": {
            "file": "@@bazel_tools//:MODULE.bazel",
            "line": 13,
            "column": 29
          },
          "imports": {
            "local_config_cc": "local_config_cc",
            "local_config_cc_toolchains": "local_config_cc_toolchains"
          },
          "devImports": [],
          "tags": [],
          "hasDevUseExtension": false,
          "hasNonDevUseExtension": true
        },
        {
          "extensionBzlFile": "@bazel_tools//tools/osx:xcode_configure.bzl",
          "extensionName": "xcode_configure_extension",
          "usingModule": "bazel_tools@_",
          "location": {
            "file": "@@bazel_tools//:MODULE.bazel",
            "line": 17,
            "column": 32
          },
          "imports": {
            "local_config_xcode": "local_config_xcode"
          },
          "devImports": [],
          "tags": [],
          "hasDevUseExtension": false,
          "hasNonDevUseExtension": true
        },
        {
          "extensionBzlFile": "@rules_java//java:extensions.bzl",
          "extensionName": "toolchains",
          "usingModule": "bazel_tools@_",
          "location": {
            "file": "@@bazel_tools//:MODULE.bazel",
            "line": 20,
            "column": 32
          },
          "imports": {
            "local_jdk": "local_jdk",
            "remote_java_tools": "remote_java_tools",
            "remote_java_tools_linux": "remote_java_tools_linux",
            "remote_java_tools_windows": "remote_java_tools_windows",
            "remote_java_tools_darwin_x86_64": "remote_java_tools_darwin_x86_64",
            "remote_java_tools_darwin_arm64": "remote_java_tools_darwin_arm64"
          },
          "devImports": [],
          "tags": [],
          "hasDevUseExtension": false,
          "hasNonDevUseExtension": true
        },
        {
          "extensionBzlFile": "@bazel_tools//tools/sh:sh_configure.bzl",
          "extensionName": "sh_configure_extension",
          "usingModule": "bazel_tools@_",
          "location": {
            "file": "@@bazel_tools//:MODULE.bazel",
            "line": 31,
            "column": 39
          },
          "imports": {
            "local_config_sh": "local_config_sh"
          },
          "devImports": [],
          "tags": [],
          "hasDevUseExtension": false,
          "hasNonDevUseExtension": true
        },
        {
          "extensionBzlFile": "@bazel_tools//tools/test:extensions.bzl",
          "extensionName": "remote_coverage_tools_extension",
          "usingModule": "bazel_tools@_",
          "location": {
            "file": "@@bazel_tools//:MODULE.bazel",
            "line": 35,
            "column": 48
          },
          "imports": {
            "remote_coverage_tools": "remote_coverage_tools"
          },
          "devImports": [],
          "tags": [],
          "hasDevUseExtension": false,
          "hasNonDevUseExtension": true
        },
        {
          "extensionBzlFile": "@bazel_tools//tools/android:android_extensions.bzl",
          "extensionName": "remote_android_tools_extensions",
          "usingModule": "bazel_tools@_",
          "location": {
            "file": "@@bazel_tools//:MODULE.bazel",
            "line": 38,
            "column": 42
          },
          "imports": {
            "android_gmaven_r8": "android_gmaven_r8",
            "android_tools": "android_tools"
          },
          "devImports": [],
          "tags": [],
          "hasDevUseExtension": false,
          "hasNonDevUseExtension": true
        }
      ],
      "deps": {
        "local_config_platform": "local_config_platform@_",
        "rules_cc": "rules_cc@0.0.2",
        "rules_java": "rules_java@5.5.0",
        "rules_license": "rules_license@0.0.3",
        "rules_proto": "rules_proto@4.0.0",
        "rules_python": "rules_python@0.4.0",
        "platforms": "platforms@0.0.6",
        "com_google_protobuf": "protobuf@3.19.6",
        "zlib": "zlib@1.2.13"
      }
    },
    "local_config_platform@_": {
      "name": "local_config_platform",
      "version": "",
      "key": "local_config_platform@_",
      "repoName": "local_config_platform",
      "executionPlatformsToRegister": [],
      "toolchainsToRegister": [],
      "extensionUsages": [],
      "deps": {
        "bazel_tools": "bazel_tools@_",
        "platforms": "platforms@0.0.6"
      }
    },
    "platforms@0.0.6": {
      "name": "platforms",
      "version": "0.0.6",
      "key": "platforms@0.0.6",
      "repoName": "platforms",
      "executionPlatformsToRegister": [],
      "toolchainsToRegister": [],
      "extensionUsages": [],
      "deps": {
        "bazel_tools": "bazel_tools@_",
        "local_config_platform": "local_config_platform@_"
      },
      "repoSpec": {
        "bzlFile": "@bazel_tools//tools/build_defs/repo:http.bzl",
        "ruleClassName": "http_archive",
        "attributes": {"name":"--platforms","urls":["--https://github.com/bazelbuild/platforms/releases/download/0.0.6/platforms-0.0.6.tar.gz"],"integrity":"--sha256-Uwj8HYhlQGpJQnuiSpq1MIfxf1Jmp6q7/CiCPzkW4co=","strip_prefix":"--","remote_patches":{"--https://bcr.bazel.build/modules/platforms/0.0.6/patches/module_dot_bazel.patch":"--sha256-/ITFV+xsibQyr8dnuvUILvdoOigF6XuiyZHN+Gf7UM8="},"remote_patch_strip":0}
      }
    },
    "rules_go@0.41.0": {
      "name": "rules_go",
      "version": "0.41.0",
      "key": "rules_go@0.41.0",
      "repoName": "io_bazel_rules_go",
      "executionPlatformsToRegister": [],
      "toolchainsToRegister": [
        "@go_toolchains//:all"
      ],
      "extensionUsages": [
        {
          "extensionBzlFile": "@io_bazel_rules_go//go/private:extensions.bzl",
          "extensionName": "non_module_dependencies",
          "usingModule": "rules_go@0.41.0",
          "location": {
            "file": "https://bcr.bazel.build/modules/rules_go/0.41.0/MODULE.bazel",
            "line": 13,
            "column": 40
          },
          "imports": {
            "io_bazel_rules_nogo": "io_bazel_rules_nogo"
          },
          "devImports": [],
          "tags": [],
          "hasDevUseExtension": false,
          "hasNonDevUseExtension": true
        },
        {
          "extensionBzlFile": "@io_bazel_rules_go//go:extensions.bzl",
          "extensionName": "go_sdk",
          "usingModule": "rules_go@0.41.0",
          "location": {
            "file": "https://bcr.bazel.build/modules/rules_go/0.41.0/MODULE.bazel",
            "line": 19,
            "column": 23
          },
          "imports": {
            "go_toolchains": "go_toolchains"
          },
          "devImports": [],
          "tags": [
            {
              "tagName": "download",
              "attributeValues": {"name":"--go_default_sdk","version":"--1.20.2"},
              "devDependency": false,
              "location": {
                "file": "https://bcr.bazel.build/modules/rules_go/0.41.0/MODULE.bazel",
                "line": 20,
                "column": 16
              }
            }
          ],
          "hasDevUseExtension": false,
          "hasNonDevUseExtension": true
        },
        {
          "extensionBzlFile": "@gazelle//:extensions.bzl",
          "extensionName": "go_deps",
          "usingModule": "rules_go@0.41.0",
          "location": {
            "file": "https://bcr.bazel.build/modules/rules_go/0.41.0/MODULE.bazel",
            "line": 30,
            "column": 24
          },
          "imports": {
            "com_github_gogo_protobuf": "com_github_gogo_protobuf",
            "com_github_golang_mock": "com_github_golang_mock",
            "com_github_golang_protobuf": "com_github_golang_protobuf",
            "org_golang_google_genproto": "org_golang_google_genproto",
            "org_golang_google_grpc": "org_golang_google_grpc",
            "org_golang_google_protobuf": "org_golang_google_protobuf",
            "org_golang_x_net": "org_golang_x_net"
          },
          "devImports": [],
          "tags": [
            {
              "tagName": "from_file",
              "attributeValues": {"go_mod":"--//:go.mod"},
              "devDependency": false,
              "location": {
                "file": "https://bcr.bazel.build/modules/rules_go/0.41.0/MODULE.bazel",
                "line": 31,
                "column": 18
              }
            },
            {
              "tagName": "module",
              "attributeValues": {"path":"--github.com/gogo/protobuf","sum":"--h1:Ov1cvc58UF3b5XjBnZv7+opcTcQFZebYjWzi34vdm4Q=","version":"--v1.3.2"},
              "devDependency": false,
              "location": {
                "file": "https://bcr.bazel.build/modules/rules_go/0.41.0/MODULE.bazel",
                "line": 32,
                "column": 15
              }
            }
          ],
          "hasDevUseExtension": false,
          "hasNonDevUseExtension": true
        }
      ],
      "deps": {
        "bazel_tools": "bazel_tools@_",
        "local_config_platform": "local_config_platform@_",
        "bazel_skylib": "bazel_skylib@1.3.0",
        "platforms": "platforms@0.0.6",
        "rules_proto": "rules_proto@4.0.0",
        "com_google_protobuf": "protobuf@3.19.6",
        "gazelle": "gazelle@0.32.0"
      },
      "repoSpec": {
        "bzlFile": "@bazel_tools//tools/build_defs/repo:http.bzl",
        "ruleClassName": "http_archive",
        "attributes": {"name":"--rules_go~0.41.0","urls":["--https://github.com/bazelbuild/rules_go/releases/download/v0.41.0/rules_go-v0.41.0.zip"],"integrity":"--sha256-J4t/9agm89wQ8E/q8LcNSLaHSMzVEtf5i/RCB38EP+M=","strip_prefix":"--","remote_patches":{"--https://bcr.bazel.build/modules/rules_go/0.41.0/patches/bump_gazelle_version.patch":"--sha256-50a277c9CqDhHN0A+EnA++cjEzbCBbhjRao/xOoGgHk="},"remote_patch_strip":1}
      }
    },
    "gazelle@0.32.0": {
      "name": "gazelle",
      "version": "0.32.0",
      "key": "gazelle@0.32.0",
      "repoName": "bazel_gazelle",
      "executionPlatformsToRegister": [],
      "toolchainsToRegister": [],
      "extensionUsages": [
        {
          "extensionBzlFile": "@io_bazel_rules_go//go:extensions.bzl",
          "extensionName": "go_sdk",
          "usingModule": "gazelle@0.32.0",
          "location": {
            "file": "https://bcr.bazel.build/modules/gazelle/0.32.0/MODULE.bazel",
            "line": 12,
            "column": 23
          },
          "imports": {
            "go_sdk": "go_default_sdk"
          },
          "devImports": [],
          "tags": [],
          "hasDevUseExtension": false,
          "hasNonDevUseExtension": true
        },
        {
          "extensionBzlFile": "@bazel_gazelle//internal/bzlmod:non_module_deps.bzl",
          "extensionName": "non_module_deps",
          "usingModule": "gazelle@0.32.0",
          "location": {
            "file": "https://bcr.bazel.build/modules/gazelle/0.32.0/MODULE.bazel",
            "line": 20,
            "column": 32
          },
          "imports": {
            "bazel_gazelle_go_repository_cache": "bazel_gazelle_go_repository_cache",
            "bazel_gazelle_go_repository_tools": "bazel_gazelle_go_repository_tools"
          },
          "devImports": [],
          "tags": [],
          "hasDevUseExtension": false,
          "hasNonDevUseExtension": true
        },
        {
          "extensionBzlFile": "@bazel_gazelle//:extensions.bzl",
          "extensionName": "go_deps",
          "usingModule": "gazelle@0.32.0",
          "location": {
            "file": "https://bcr.bazel.build/modules/gazelle/0.32.0/MODULE.bazel",
            "line": 27,
            "column": 24
          },
          "imports": {
            "com_github_bazelbuild_buildtools": "com_github_bazelbuild_buildtools",
            "com_github_bmatcuk_doublestar_v4": "com_github_bmatcuk_doublestar_v4",
            "com_github_fsnotify_fsnotify": "com_github_fsnotify_fsnotify",
            "com_github_google_go_cmp": "com_github_google_go_cmp",
            "com_github_pmezard_go_difflib": "com_github_pmezard_go_difflib",
            "org_golang_x_mod": "org_golang_x_mod",
            "org_golang_x_sync": "org_golang_x_sync",
            "org_golang_x_tools": "org_golang_x_tools",
            "bazel_gazelle_go_repository_config": "bazel_gazelle_go_repository_config"
          },
          "devImports": [],
          "tags": [
            {
              "tagName": "from_file",
              "attributeValues": {"go_mod":"--//:go.mod"},
              "devDependency": false,
              "location": {
                "file": "https://bcr.bazel.build/modules/gazelle/0.32.0/MODULE.bazel",
                "line": 28,
                "column": 18
              }
            }
          ],
          "hasDevUseExtension": false,
          "hasNonDevUseExtension": true
        }
      ],
      "deps": {
        "bazel_tools": "bazel_tools@_",
        "local_config_platform": "local_config_platform@_",
        "bazel_skylib": "bazel_skylib@1.3.0",
        "com_google_protobuf": "protobuf@3.19.6",
        "io_bazel_rules_go": "rules_go@0.41.0",
        "rules_proto": "rules_proto@4.0.0"
      },
      "repoSpec": {
        "bzlFile": "@bazel_tools//tools/build_defs/repo:http.bzl",
        "ruleClassName": "http_archive",
        "attributes": {"name":"--gazelle~0.32.0","urls":["--https://github.com/bazelbuild/bazel-gazelle/releases/download/v0.32.0/bazel-gazelle-v0.32.0.tar.gz"],"integrity":"--sha256-KSGPjgzr5YNkPL+Tyub5cb6KJITNz6HkUFdljfjVQAI=","strip_prefix":"--","remote_patches":{},"remote_patch_strip":0}
      }
    },
    "rules_cc@0.0.2": {
      "name": "rules_cc",
      "version": "0.0.2",
      "key": "rules_cc@0.0.2",
      "repoName": "rules_cc",
      "executionPlatformsToRegister": [],
      "toolchainsToRegister": [
        "@local_config_cc_toolchains//:all"
      ],
      "extensionUsages": [
        {
          "extensionBzlFile": "@rules_cc//cc:extensions.bzl",
          "extensionName": "cc_configure",
          "usingModule": "rules_cc@0.0.2",
          "location": {
            "file": "https://bcr.bazel.build/modules/rules_cc/0.0.2/MODULE.bazel",
            "line": 10,
            "column": 29
          },
          "imports": {
            "local_config_cc_toolchains": "local_config_cc_toolchains"
          },
          "devImports": [],
          "tags": [],
          "hasDevUseExtension": false,
          "hasNonDevUseExtension": true
        }
      ],
      "deps": {
        "bazel_tools": "bazel_tools@_",
        "local_config_platform": "local_config_platform@_",
        "bazel_skylib": "bazel_skylib@1.3.0",
        "platforms": "platforms@0.0.6"
      },
      "repoSpec": {
        "bzlFile": "@bazel_tools//tools/build_defs/repo:http.bzl",
        "ruleClassName": "http_archive",
        "attributes": {"name":"--rules_cc~0.0.2","urls":["--https://github.com/bazelbuild/rules_cc/releases/download/0.0.2/rules_cc-0.0.2.tar.gz"],"integrity":"--sha256-WL/0CVes6Fwt4h6/xy5T7ToNM6+Mwgq9DO7FXGO+feI=","strip_prefix":"--","remote_patches":{"--https://bcr.bazel.build/modules/rules_cc/0.0.2/patches/module_dot_bazel.patch":"--sha256-wwbvBwzp2Z8UJMeLmIfWB7CkQAaVL4L+Hdr2k5oEv/Q="},"remote_patch_strip":0}
      }
    },
    "rules_java@5.5.0": {
      "name": "rules_java",
      "version": "5.5.0",
      "key": "rules_java@5.5.0",
      "repoName": "rules_java",
      "executionPlatformsToRegister": [],
      "toolchainsToRegister": [
        "//toolchains:all",
        "@local_jdk//:runtime_toolchain_definition",
        "@remotejdk11_linux_toolchain_config_repo//:toolchain",
        "@remotejdk11_macos_toolchain_config_repo//:toolchain",
        "@remotejdk11_macos_aarch64_toolchain_config_repo//:toolchain",
        "@remotejdk11_win_toolchain_config_repo//:toolchain",
        "@remotejdk17_linux_toolchain_config_repo//:toolchain",
        "@remotejdk17_macos_toolchain_config_repo//:toolchain",
        "@remotejdk17_macos_aarch64_toolchain_config_repo//:toolchain",
        "@remotejdk17_win_toolchain_config_repo//:toolchain",
        "@remotejdk19_linux_toolchain_config_repo//:toolchain",
        "@remotejdk19_macos_toolchain_config_repo//:toolchain",
        "@remotejdk19_macos_aarch64_toolchain_config_repo//:toolchain",
        "@remotejdk19_win_toolchain_config_repo//:toolchain",
        "@remotejdk11_linux_aarch64_toolchain_config_repo//:toolchain",
        "@remotejdk11_linux_ppc64le_toolchain_config_repo//:toolchain",
        "@remotejdk11_linux_s390x_toolchain_config_repo//:toolchain"
      ],
      "extensionUsages": [
        {
          "extensionBzlFile": "@rules_java//java:extensions.bzl",
          "extensionName": "toolchains",
          "usingModule": "rules_java@5.5.0",
          "location": {
            "file": "https://bcr.bazel.build/modules/rules_java/5.5.0/MODULE.bazel",
            "line": 16,
            "column": 27
          },
          "imports": {
            "remote_java_tools": "remote_java_tools",
            "remote_java_tools_linux": "remote_java_tools_linux",
            "remote_java_tools_windows": "remote_java_tools_windows",
            "remote_java_tools_darwin_x86_64": "remote_java_tools_darwin_x86_64",
            "remote_java_tools_darwin_arm64": "remote_java_tools_darwin_arm64",
            "local_jdk": "local_jdk",
            "remotejdk11_linux_toolchain_config_repo": "remotejdk11_linux_toolchain_config_repo",
            "remotejdk11_macos_toolchain_config_repo": "remotejdk11_macos_toolchain_config_repo",
            "remotejdk11_macos_aarch64_toolchain_config_repo": "remotejdk11_macos_aarch64_toolchain_config_repo",
            "remotejdk11_win_toolchain_config_repo": "remotejdk11_win_toolchain_config_repo",
            "remotejdk17_linux_toolchain_config_repo": "remotejdk17_linux_toolchain_config_repo",
            "remotejdk17_macos_toolchain_config_repo": "remotejdk17_macos_toolchain_config_repo",
            "remotejdk17_macos_aarch64_toolchain_config_repo": "remotejdk17_macos_aarch64_toolchain_config_repo",
            "remotejdk17_win_toolchain_config_repo": "remotejdk17_win_toolchain_config_repo",
            "remotejdk19_linux_toolchain_config_repo": "remotejdk19_linux_toolchain_config_repo",
            "remotejdk19_macos_toolchain_config_repo": "remotejdk19_macos_toolchain_config_repo",
            "remotejdk19_macos_aarch64_toolchain_config_repo": "remotejdk19_macos_aarch64_toolchain_config_repo",
            "remotejdk19_win_toolchain_config_repo": "remotejdk19_win_toolchain_config_repo",
            "remotejdk11_linux_aarch64_toolchain_config_repo": "remotejdk11_linux_aarch64_toolchain_config_repo",
            "remotejdk11_linux_ppc64le_toolchain_config_repo": "remotejdk11_linux_ppc64le_toolchain_config_repo",
            "remotejdk11_linux_s390x_toolchain_config_repo": "remotejdk11_linux_s390x_toolchain_config_repo"
          },
          "devImports": [],
          "tags": [],
          "hasDevUseExtension": false,
          "hasNonDevUseExtension": true
        }
      ],
      "deps": {
        "bazel_tools": "bazel_tools@_",
        "local_config_platform": "local_config_platform@_",
        "platforms": "platforms@0.0.6",
        "rules_cc": "rules_cc@0.0.2",
        "bazel_skylib": "bazel_skylib@1.3.0",
        "rules_proto": "rules_proto@4.0.0"
      },
      "repoSpec": {
        "bzlFile": "@bazel_tools//tools/build_defs/repo:http.bzl",
        "ruleClassName": "http_archive",
        "attributes": {"name":"--rules_java~5.5.0","urls":["--https://github.com/bazelbuild/rules_java/releases/download/5.5.0/rules_java-5.5.0.tar.gz"],"integrity":"--sha256-vPq/tAfLDIggFBMQ+qEC9/uSzIBrDw4mpiUZYQGwtX4=","strip_prefix":"--","remote_patches":{},"remote_patch_strip":0}
      }
    },
    "rules_license@0.0.3": {
      "name": "rules_license",
      "version": "0.0.3",
      "key": "rules_license@0.0.3",
      "repoName": "rules_license",
      "executionPlatformsToRegister": [],
      "toolchainsToRegister": [],
      "extensionUsages": [],
      "deps": {
        "bazel_tools": "bazel_tools@_",
        "local_config_platform": "local_config_platform@_"
      },
      "repoSpec": {
        "bzlFile": "@bazel_tools//tools/build_defs/repo:http.bzl",
        "ruleClassName": "http_archive",
        "attributes": {"name":"--rules_license~0.0.3","urls":["--https://github.com/bazelbuild/rules_license/releases/download/0.0.3/rules_license-0.0.3.tar.gz"],"integrity":"--sha256-AMzA3yExLBJ6xLEogKsPmibBz/mUQtxsWjMXUDYN48M=","strip_prefix":"--","remote_patches":{"--https://bcr.bazel.build/modules/rules_license/0.0.3/patches/module_dot_bazel.patch":"--sha256-yim5cwFqlS1F1UomygmIEM/UQhrkQZyYrwo48WFt4gE="},"remote_patch_strip":0}
      }
    },
    "rules_proto@4.0.0": {
      "name": "rules_proto",
      "version": "4.0.0",
      "key": "rules_proto@4.0.0",
      "repoName": "rules_proto",
      "executionPlatformsToRegister": [],
      "toolchainsToRegister": [],
      "extensionUsages": [],
      "deps": {
        "bazel_tools": "bazel_tools@_",
        "local_config_platform": "local_config_platform@_",
        "bazel_skylib": "bazel_skylib@1.3.0",
        "rules_cc": "rules_cc@0.0.2"
      },
      "repoSpec": {
        "bzlFile": "@bazel_tools//tools/build_defs/repo:http.bzl",
        "ruleClassName": "http_archive",
        "attributes": {"name":"--rules_proto~4.0.0","urls":["--https://github.com/bazelbuild/rules_proto/archive/refs/tags/4.0.0.zip"],"integrity":"--sha256-Lr5z6xyuRA19pNtRYMGjKaynwQpck4H/lwYyVjyhoq4=","strip_prefix":"--rules_proto-4.0.0","remote_patches":{"--https://bcr.bazel.build/modules/rules_proto/4.0.0/patches/module_dot_bazel.patch":"--sha256-MclJO7tIAM2ElDAmscNId9pKTpOuDGHgVlW/9VBOIp0="},"remote_patch_strip":0}
      }
    },
    "rules_python@0.4.0": {
      "name": "rules_python",
      "version": "0.4.0",
      "key": "rules_python@0.4.0",
      "repoName": "rules_python",
      "executionPlatformsToRegister": [],
      "toolchainsToRegister": [
        "@bazel_tools//tools/python:autodetecting_toolchain"
      ],
      "extensionUsages": [
        {
          "extensionBzlFile": "@rules_python//bzlmod:extensions.bzl",
          "extensionName": "pip_install",
          "usingModule": "rules_python@0.4.0",
          "location": {
            "file": "https://bcr.bazel.build/modules/rules_python/0.4.0/MODULE.bazel",
            "line": 7,
            "column": 28
          },
          "imports": {
            "pypi__click": "pypi__click",
            "pypi__pip": "pypi__pip",
            "pypi__pip_tools": "pypi__pip_tools",
            "pypi__pkginfo": "pypi__pkginfo",
            "pypi__setuptools": "pypi__setuptools",
            "pypi__wheel": "pypi__wheel"
          },
          "devImports": [],
          "tags": [],
          "hasDevUseExtension": false,
          "hasNonDevUseExtension": true
        }
      ],
      "deps": {
        "bazel_tools": "bazel_tools@_",
        "local_config_platform": "local_config_platform@_"
      },
      "repoSpec": {
        "bzlFile": "@bazel_tools//tools/build_defs/repo:http.bzl",
        "ruleClassName": "http_archive",
        "attributes": {"name":"--rules_python~0.4.0","urls":["--https://github.com/bazelbuild/rules_python/releases/download/0.4.0/rules_python-0.4.0.tar.gz"],"integrity":"--sha256-lUqom0kb5KCDMEosuDgBnIuMNyCnq7nEy4GseiQjDOo=","strip_prefix":"--","remote_patches":{"--https://bcr.bazel.build/modules/rules_python/0.4.0/patches/propagate_pip_install_dependencies.patch":"--sha256-v7S/dem/mixg63MF4KoRGDA4KEol9ab/tIVp+6Xq0D0=","--https://bcr.bazel.build/modules/rules_python/0.4.0/patches/module_dot_bazel.patch":"--sha256-kG4VIfWxQazzTuh50mvsx6pmyoRVA4lfH5rkto/Oq+Y="},"remote_patch_strip":1}
      }
    },
    "protobuf@3.19.6": {
      "name": "protobuf",
      "version": "3.19.6",
      "key": "protobuf@3.19.6",
      "repoName": "protobuf",
      "executionPlatformsToRegister": [],
      "toolchainsToRegister": [],
      "extensionUsages": [],
      "deps": {
        "bazel_tools": "bazel_tools@_",
        "local_config_platform": "local_config_platform@_",
        "bazel_skylib": "bazel_skylib@1.3.0",
        "zlib": "zlib@1.2.13",
        "rules_python": "rules_python@0.4.0",
        "rules_cc": "rules_cc@0.0.2",
        "rules_proto": "rules_proto@4.0.0",
        "rules_java": "rules_java@5.5.0"
      },
      "repoSpec": {
        "bzlFile": "@bazel_tools//tools/build_defs/repo:http.bzl",
        "ruleClassName": "http_archive",
        "attributes": {"name":"--protobuf~3.19.6","urls":["--https://github.com/protocolbuffers/protobuf/archive/refs/tags/v3.19.6.zip"],"integrity":"--sha256-OH4sVZuyx8G8N5jE5s/wFTgaebJ1hpavy/johzC0c4k=","strip_prefix":"--protobuf-3.19.6","remote_patches":{"--https://bcr.bazel.build/modules/protobuf/3.19.6/patches/relative_repo_names.patch":"--sha256-w/5gw/zGv8NFId+669hcdw1Uus2lxgYpulATHIwIByI=","--https://bcr.bazel.build/modules/protobuf/3.19.6/patches/remove_dependency_on_rules_jvm_external.patch":"--sha256-THUTnVgEBmjA0W7fKzIyZOVG58DnW9HQTkr4D2zKUUc=","--https://bcr.bazel.build/modules/protobuf/3.19.6/patches/add_module_dot_bazel_for_examples.patch":"--sha256-s/b1gi3baK3LsXefI2rQilhmkb2R5jVJdnT6zEcdfHY=","--https://bcr.bazel.build/modules/protobuf/3.19.6/patches/module_dot_bazel.patch":"--sha256-S0DEni8zgx7rHscW3z/rCEubQnYec0XhNet640cw0h4="},"remote_patch_strip":1}
      }
    },
    "zlib@1.2.13": {
      "name": "zlib",
      "version": "1.2.13",
      "key": "zlib@1.2.13",
      "repoName": "zlib",
      "executionPlatformsToRegister": [],
      "toolchainsToRegister": [],
      "extensionUsages": [],
      "deps": {
        "bazel_tools": "bazel_tools@_",
        "local_config_platform": "local_config_platform@_"
      },
      "repoSpec": {
        "bzlFile": "@bazel_tools//tools/build_defs/repo:http.bzl",
        "ruleClassName": "http_archive",
        "attributes": {"name":"--zlib~1.2.13","urls":["--https://github.com/madler/zlib/archive/refs/tags/v1.2.13.zip"],"integrity":"--sha256-woVpUbvzDjCGGs43ZVldhroT8s8BJ52QH2xiJYxX9P8=","strip_prefix":"--zlib-1.2.13","remote_patches":{"--https://bcr.bazel.build/modules/zlib/1.2.13/patches/add_build_file.patch":"--sha256-Z2ig1F01/dfdG63H+GwYRMcGbW/zAGIUWnKKrwKSEaQ=","--https://bcr.bazel.build/modules/zlib/1.2.13/patches/module_dot_bazel.patch":"--sha256-Nc7xP02Dl6yHQvkiZWSQnlnw1T277yS4cJxxONWJ/Ic="},"remote_patch_strip":0}
      }
    },
    "bazel_skylib@1.3.0": {
      "name": "bazel_skylib",
      "version": "1.3.0",
      "key": "bazel_skylib@1.3.0",
      "repoName": "bazel_skylib",
      "executionPlatformsToRegister": [],
      "toolchainsToRegister": [
        "//toolchains/unittest:cmd_toolchain",
        "//toolchains/unittest:bash_toolchain"
      ],
      "extensionUsages": [],
      "deps": {
        "bazel_tools": "bazel_tools@_",
        "local_config_platform": "local_config_platform@_",
        "platforms": "platforms@0.0.6"
      },
      "repoSpec": {
        "bzlFile": "@bazel_tools//tools/build_defs/repo:http.bzl",
        "ruleClassName": "http_archive",
        "attributes": {"name":"--bazel_skylib~1.3.0","urls":["--https://github.com/bazelbuild/bazel-skylib/releases/download/1.3.0/bazel-skylib-1.3.0.tar.gz"],"integrity":"--sha256-dNVE2W9KW7Yw1GXKi7z+Ix41lOWq5X4e2/F6brPKJQY=","strip_prefix":"--","remote_patches":{},"remote_patch_strip":0}
      }
    }
  },
  "moduleExtensions": {}
}